
Microsoft Visual Studio Solution File, Format Version 12.00
# Visual Studio Version 17
VisualStudioVersion = 17.14.36717.8 d17.14
MinimumVisualStudioVersion = 10.0.40219.1
Project("{FAE04EC0-301F-11D3-BF4B-00C04F79EFBC}") = "Algoritmos_Graficacion", "Algoritmos_Graficacion.csproj", "{6506F776-BD8E-4CD5-8117-96A06DF7A542}"
EndProject
Global
	GlobalSection(SolutionConfigurationPlatforms) = preSolution
		Debug|Any CPU = Debug|Any CPU
		Release|Any CPU = Release|Any CPU
	EndGlobalSection
	GlobalSection(ProjectConfigurationPlatforms) = postSolution
		{6506F776-BD8E-4CD5-8117-96A06DF7A542}.Debug|Any CPU.ActiveCfg = Debug|Any CPU
		{6506F776-BD8E-4CD5-8117-96A06DF7A542}.Debug|Any CPU.Build.0 = Debug|Any CPU
		{6506F776-BD8E-4CD5-8117-96A06DF7A542}.Release|Any CPU.ActiveCfg = Release|Any CPU
		{6506F776-BD8E-4CD5-8117-96A06DF7A542}.Release|Any CPU.Build.0 = Release|Any CPU
	EndGlobalSection
	GlobalSection(SolutionProperties) = preSolution
		HideSolutionNode = FALSE
	EndGlobalSection
	GlobalSection(ExtensibilityGlobals) = postSolution
		SolutionGuid = {B16D39BA-DE73-4A65-ACA1-C375C2F83AC6}
	EndGlobalSection
EndGlobal
